// !$*UTF8*$!
{
	archiveVersion = 1;
	classes = {
	};
	objectVersion = 56;
	objects = {

/* Begin PBXBuildFile section */
		EEAA6DF62A2CABB0000F31C4 /* AppDelegate.swift in Sources */ = {isa = PBXBuildFile; fileRef = EEAA6DF52A2CABB0000F31C4 /* AppDelegate.swift */; };
		EEAA6DF82A2CABB0000F31C4 /* SceneDelegate.swift in Sources */ = {isa = PBXBuildFile; fileRef = EEAA6DF72A2CABB0000F31C4 /* SceneDelegate.swift */; };
		EEAA6DFD2A2CABB0000F31C4 /* Main.storyboard in Resources */ = {isa = PBXBuildFile; fileRef = EEAA6DFB2A2CABB0000F31C4 /* Main.storyboard */; };
		EEAA6DFF2A2CABB1000F31C4 /* Assets.xcassets in Resources */ = {isa = PBXBuildFile; fileRef = EEAA6DFE2A2CABB1000F31C4 /* Assets.xcassets */; };
		EEAA6E022A2CABB1000F31C4 /* LaunchScreen.storyboard in Resources */ = {isa = PBXBuildFile; fileRef = EEAA6E002A2CABB1000F31C4 /* LaunchScreen.storyboard */; };
		EEAA6E122A2CAD0A000F31C4 /* MainTabBarController.swift in Sources */ = {isa = PBXBuildFile; fileRef = EEAA6E112A2CAD0A000F31C4 /* MainTabBarController.swift */; };
		EEAA6E142A2CAEC0000F31C4 /* FeedController.swift in Sources */ = {isa = PBXBuildFile; fileRef = EEAA6E132A2CAEC0000F31C4 /* FeedController.swift */; };
		EEAA6E162A2CAEF5000F31C4 /* ExploreController.swift in Sources */ = {isa = PBXBuildFile; fileRef = EEAA6E152A2CAEF5000F31C4 /* ExploreController.swift */; };
		EEAA6E182A2CAF08000F31C4 /* NotificationController.swift in Sources */ = {isa = PBXBuildFile; fileRef = EEAA6E172A2CAF08000F31C4 /* NotificationController.swift */; };
		EEAA6E1A2A2CAF2F000F31C4 /* ConversationController.swift in Sources */ = {isa = PBXBuildFile; fileRef = EEAA6E192A2CAF2F000F31C4 /* ConversationController.swift */; };
		EEAA6E1C2A2CB6E9000F31C4 /* Extensions.swift in Sources */ = {isa = PBXBuildFile; fileRef = EEAA6E1B2A2CB6E9000F31C4 /* Extensions.swift */; };
		EEAA6E1F2A2CBCDC000F31C4 /* LoginController.swift in Sources */ = {isa = PBXBuildFile; fileRef = EEAA6E1E2A2CBCDC000F31C4 /* LoginController.swift */; };
		EEAA6E212A2CC50A000F31C4 /* Utilities.swift in Sources */ = {isa = PBXBuildFile; fileRef = EEAA6E202A2CC50A000F31C4 /* Utilities.swift */; };
		EEAA6E232A2CF7FA000F31C4 /* RegistrationController.swift in Sources */ = {isa = PBXBuildFile; fileRef = EEAA6E222A2CF7FA000F31C4 /* RegistrationController.swift */; };
/* End PBXBuildFile section */

/* Begin PBXFileReference section */
		EEAA6DF22A2CABB0000F31C4 /* TwitterTutorial.app */ = {isa = PBXFileReference; explicitFileType = wrapper.application; includeInIndex = 0; path = TwitterTutorial.app; sourceTree = BUILT_PRODUCTS_DIR; };
		EEAA6DF52A2CABB0000F31C4 /* AppDelegate.swift */ = {isa = PBXFileReference; lastKnownFileType = sourcecode.swift; path = AppDelegate.swift; sourceTree = "<group>"; };
		EEAA6DF72A2CABB0000F31C4 /* SceneDelegate.swift */ = {isa = PBXFileReference; lastKnownFileType = sourcecode.swift; path = SceneDelegate.swift; sourceTree = "<group>"; };
		EEAA6DFC2A2CABB0000F31C4 /* Base */ = {isa = PBXFileReference; lastKnownFileType = file.storyboard; name = Base; path = Base.lproj/Main.storyboard; sourceTree = "<group>"; };
		EEAA6DFE2A2CABB1000F31C4 /* Assets.xcassets */ = {isa = PBXFileReference; lastKnownFileType = folder.assetcatalog; path = Assets.xcassets; sourceTree = "<group>"; };
		EEAA6E012A2CABB1000F31C4 /* Base */ = {isa = PBXFileReference; lastKnownFileType = file.storyboard; name = Base; path = Base.lproj/LaunchScreen.storyboard; sourceTree = "<group>"; };
		EEAA6E032A2CABB1000F31C4 /* Info.plist */ = {isa = PBXFileReference; lastKnownFileType = text.plist.xml; path = Info.plist; sourceTree = "<group>"; };
		EEAA6E112A2CAD0A000F31C4 /* MainTabBarController.swift */ = {isa = PBXFileReference; lastKnownFileType = sourcecode.swift; path = MainTabBarController.swift; sourceTree = "<group>"; };
		EEAA6E132A2CAEC0000F31C4 /* FeedController.swift */ = {isa = PBXFileReference; lastKnownFileType = sourcecode.swift; path = FeedController.swift; sourceTree = "<group>"; };
		EEAA6E152A2CAEF5000F31C4 /* ExploreController.swift */ = {isa = PBXFileReference; lastKnownFileType = sourcecode.swift; path = ExploreController.swift; sourceTree = "<group>"; };
		EEAA6E172A2CAF08000F31C4 /* NotificationController.swift */ = {isa = PBXFileReference; lastKnownFileType = sourcecode.swift; path = NotificationController.swift; sourceTree = "<group>"; };
		EEAA6E192A2CAF2F000F31C4 /* ConversationController.swift */ = {isa = PBXFileReference; lastKnownFileType = sourcecode.swift; path = ConversationController.swift; sourceTree = "<group>"; };
		EEAA6E1B2A2CB6E9000F31C4 /* Extensions.swift */ = {isa = PBXFileReference; fileEncoding = 4; lastKnownFileType = sourcecode.swift; path = Extensions.swift; sourceTree = "<group>"; };
		EEAA6E1E2A2CBCDC000F31C4 /* LoginController.swift */ = {isa = PBXFileReference; lastKnownFileType = sourcecode.swift; path = LoginController.swift; sourceTree = "<group>"; };
		EEAA6E202A2CC50A000F31C4 /* Utilities.swift */ = {isa = PBXFileReference; lastKnownFileType = sourcecode.swift; path = Utilities.swift; sourceTree = "<group>"; };
		EEAA6E222A2CF7FA000F31C4 /* RegistrationController.swift */ = {isa = PBXFileReference; lastKnownFileType = sourcecode.swift; path = RegistrationController.swift; sourceTree = "<group>"; };
/* End PBXFileReference section */

/* Begin PBXFrameworksBuildPhase section */
		EEAA6DEF2A2CABB0000F31C4 /* Frameworks */ = {
			isa = PBXFrameworksBuildPhase;
			buildActionMask = 2147483647;
			files = (
			);
			runOnlyForDeploymentPostprocessing = 0;
		};
/* End PBXFrameworksBuildPhase section */

/* Begin PBXGroup section */
		EEAA6DE92A2CABB0000F31C4 = {
			isa = PBXGroup;
			children = (
				EEAA6DF42A2CABB0000F31C4 /* TwitterTutorial */,
				EEAA6DF32A2CABB0000F31C4 /* Products */,
			);
			sourceTree = "<group>";
		};
		EEAA6DF32A2CABB0000F31C4 /* Products */ = {
			isa = PBXGroup;
			children = (
				EEAA6DF22A2CABB0000F31C4 /* TwitterTutorial.app */,
			);
			name = Products;
			sourceTree = "<group>";
		};
		EEAA6DF42A2CABB0000F31C4 /* TwitterTutorial */ = {
			isa = PBXGroup;
			children = (
				EEAA6E0E2A2CAC7B000F31C4 /* Controller */,
				EEAA6E0D2A2CAC01000F31C4 /* Utils */,
				EEAA6E0C2A2CABF9000F31C4 /* API */,
				EEAA6E0B2A2CABE1000F31C4 /* ViewModels */,
				EEAA6E0A2A2CABD7000F31C4 /* Models */,
				EEAA6E092A2CABBE000F31C4 /* View */,
				EEAA6DF52A2CABB0000F31C4 /* AppDelegate.swift */,
				EEAA6DF72A2CABB0000F31C4 /* SceneDelegate.swift */,
				EEAA6DFB2A2CABB0000F31C4 /* Main.storyboard */,
				EEAA6DFE2A2CABB1000F31C4 /* Assets.xcassets */,
				EEAA6E002A2CABB1000F31C4 /* LaunchScreen.storyboard */,
				EEAA6E032A2CABB1000F31C4 /* Info.plist */,
			);
			path = TwitterTutorial;
			sourceTree = "<group>";
		};
		EEAA6E092A2CABBE000F31C4 /* View */ = {
			isa = PBXGroup;
			children = (
			);
			path = View;
			sourceTree = "<group>";
		};
		EEAA6E0A2A2CABD7000F31C4 /* Models */ = {
			isa = PBXGroup;
			children = (
			);
			path = Models;
			sourceTree = "<group>";
		};
		EEAA6E0B2A2CABE1000F31C4 /* ViewModels */ = {
			isa = PBXGroup;
			children = (
			);
			path = ViewModels;
			sourceTree = "<group>";
		};
		EEAA6E0C2A2CABF9000F31C4 /* API */ = {
			isa = PBXGroup;
			children = (
			);
			path = API;
			sourceTree = "<group>";
		};
		EEAA6E0D2A2CAC01000F31C4 /* Utils */ = {
			isa = PBXGroup;
			children = (
				EEAA6E1B2A2CB6E9000F31C4 /* Extensions.swift */,
				EEAA6E202A2CC50A000F31C4 /* Utilities.swift */,
			);
			path = Utils;
			sourceTree = "<group>";
		};
		EEAA6E0E2A2CAC7B000F31C4 /* Controller */ = {
			isa = PBXGroup;
			children = (
				EEAA6E1D2A2CBCB9000F31C4 /* Authentication */,
				EEAA6E112A2CAD0A000F31C4 /* MainTabBarController.swift */,
				EEAA6E132A2CAEC0000F31C4 /* FeedController.swift */,
				EEAA6E152A2CAEF5000F31C4 /* ExploreController.swift */,
				EEAA6E172A2CAF08000F31C4 /* NotificationController.swift */,
				EEAA6E192A2CAF2F000F31C4 /* ConversationController.swift */,
			);
			path = Controller;
			sourceTree = "<group>";
		};
		EEAA6E1D2A2CBCB9000F31C4 /* Authentication */ = {
			isa = PBXGroup;
			children = (
				EEAA6E1E2A2CBCDC000F31C4 /* LoginController.swift */,
				EEAA6E222A2CF7FA000F31C4 /* RegistrationController.swift */,
			);
			path = Authentication;
			sourceTree = "<group>";
		};
/* End PBXGroup section */

/* Begin PBXNativeTarget section */
		EEAA6DF12A2CABB0000F31C4 /* TwitterTutorial */ = {
			isa = PBXNativeTarget;
			buildConfigurationList = EEAA6E062A2CABB1000F31C4 /* Build configuration list for PBXNativeTarget "TwitterTutorial" */;
			buildPhases = (
				EEAA6DEE2A2CABB0000F31C4 /* Sources */,
				EEAA6DEF2A2CABB0000F31C4 /* Frameworks */,
				EEAA6DF02A2CABB0000F31C4 /* Resources */,
			);
			buildRules = (
			);
			dependencies = (
			);
			name = TwitterTutorial;
			productName = TwitterTutorial;
			productReference = EEAA6DF22A2CABB0000F31C4 /* TwitterTutorial.app */;
			productType = "com.apple.product-type.application";
		};
/* End PBXNativeTarget section */

/* Begin PBXProject section */
		EEAA6DEA2A2CABB0000F31C4 /* Project object */ = {
			isa = PBXProject;
			attributes = {
				BuildIndependentTargetsInParallel = 1;
				LastSwiftUpdateCheck = 1430;
				LastUpgradeCheck = 1430;
				TargetAttributes = {
					EEAA6DF12A2CABB0000F31C4 = {
						CreatedOnToolsVersion = 14.3;
					};
				};
			};
			buildConfigurationList = EEAA6DED2A2CABB0000F31C4 /* Build configuration list for PBXProject "TwitterTutorial" */;
			compatibilityVersion = "Xcode 14.0";
			developmentRegion = en;
			hasScannedForEncodings = 0;
			knownRegions = (
				en,
				Base,
			);
			mainGroup = EEAA6DE92A2CABB0000F31C4;
			productRefGroup = EEAA6DF32A2CABB0000F31C4 /* Products */;
			projectDirPath = "";
			projectRoot = "";
			targets = (
				EEAA6DF12A2CABB0000F31C4 /* TwitterTutorial */,
			);
		};
/* End PBXProject section */

/* Begin PBXResourcesBuildPhase section */
		EEAA6DF02A2CABB0000F31C4 /* Resources */ = {
			isa = PBXResourcesBuildPhase;
			buildActionMask = 2147483647;
			files = (
				EEAA6E022A2CABB1000F31C4 /* LaunchScreen.storyboard in Resources */,
				EEAA6DFF2A2CABB1000F31C4 /* Assets.xcassets in Resources */,
				EEAA6DFD2A2CABB0000F31C4 /* Main.storyboard in Resources */,
			);
			runOnlyForDeploymentPostprocessing = 0;
		};
/* End PBXResourcesBuildPhase section */

/* Begin PBXSourcesBuildPhase section */
		EEAA6DEE2A2CABB0000F31C4 /* Sources */ = {
			isa = PBXSourcesBuildPhase;
			buildActionMask = 2147483647;
			files = (
				EEAA6E182A2CAF08000F31C4 /* NotificationController.swift in Sources */,
				EEAA6DF62A2CABB0000F31C4 /* AppDelegate.swift in Sources */,
				EEAA6E162A2CAEF5000F31C4 /* ExploreController.swift in Sources */,
				EEAA6E1C2A2CB6E9000F31C4 /* Extensions.swift in Sources */,
				EEAA6E1F2A2CBCDC000F31C4 /* LoginController.swift in Sources */,
				EEAA6DF82A2CABB0000F31C4 /* SceneDelegate.swift in Sources */,
				EEAA6E232A2CF7FA000F31C4 /* RegistrationController.swift in Sources */,
				EEAA6E122A2CAD0A000F31C4 /* MainTabBarController.swift in Sources */,
				EEAA6E1A2A2CAF2F000F31C4 /* ConversationController.swift in Sources */,
				EEAA6E212A2CC50A000F31C4 /* Utilities.swift in Sources */,
				EEAA6E142A2CAEC0000F31C4 /* FeedController.swift in Sources */,
			);
			runOnlyForDeploymentPostprocessing = 0;
		};
/* End PBXSourcesBuildPhase section */

/* Begin PBXVariantGroup section */
		EEAA6DFB2A2CABB0000F31C4 /* Main.storyboard */ = {
			isa = PBXVariantGroup;
			children = (
				EEAA6DFC2A2CABB0000F31C4 /* Base */,
			);
			name = Main.storyboard;
			sourceTree = "<group>";
		};
		EEAA6E002A2CABB1000F31C4 /* LaunchScreen.storyboard */ = {
			isa = PBXVariantGroup;
			children = (
				EEAA6E012A2CABB1000F31C4 /* Base */,
			);
			name = LaunchScreen.storyboard;
			sourceTree = "<group>";
		};
/* End PBXVariantGroup section */

/* Begin XCBuildConfiguration section */
		EEAA6E042A2CABB1000F31C4 /* Debug */ = {
			isa = XCBuildConfiguration;
			buildSettings = {
				ALWAYS_SEARCH_USER_PATHS = NO;
				CLANG_ANALYZER_NONNULL = YES;
				CLANG_ANALYZER_NUMBER_OBJECT_CONVERSION = YES_AGGRESSIVE;
				CLANG_CXX_LANGUAGE_STANDARD = "gnu++20";
				CLANG_ENABLE_MODULES = YES;
				CLANG_ENABLE_OBJC_ARC = YES;
				CLANG_ENABLE_OBJC_WEAK = YES;
				CLANG_WARN_BLOCK_CAPTURE_AUTORELEASING = YES;
				CLANG_WARN_BOOL_CONVERSION = YES;
				CLANG_WARN_COMMA = YES;
				CLANG_WARN_CONSTANT_CONVERSION = YES;
				CLANG_WARN_DEPRECATED_OBJC_IMPLEMENTATIONS = YES;
				CLANG_WARN_DIRECT_OBJC_ISA_USAGE = YES_ERROR;
				CLANG_WARN_DOCUMENTATION_COMMENTS = YES;
				CLANG_WARN_EMPTY_BODY = YES;
				CLANG_WARN_ENUM_CONVERSION = YES;
				CLANG_WARN_INFINITE_RECURSION = YES;
				CLANG_WARN_INT_CONVERSION = YES;
				CLANG_WARN_NON_LITERAL_NULL_CONVERSION = YES;
				CLANG_WARN_OBJC_IMPLICIT_RETAIN_SELF = YES;
				CLANG_WARN_OBJC_LITERAL_CONVERSION = YES;
				CLANG_WARN_OBJC_ROOT_CLASS = YES_ERROR;
				CLANG_WARN_QUOTED_INCLUDE_IN_FRAMEWORK_HEADER = YES;
				CLANG_WARN_RANGE_LOOP_ANALYSIS = YES;
				CLANG_WARN_STRICT_PROTOTYPES = YES;
				CLANG_WARN_SUSPICIOUS_MOVE = YES;
				CLANG_WARN_UNGUARDED_AVAILABILITY = YES_AGGRESSIVE;
				CLANG_WARN_UNREACHABLE_CODE = YES;
				CLANG_WARN__DUPLICATE_METHOD_MATCH = YES;
				COPY_PHASE_STRIP = NO;
				DEBUG_INFORMATION_FORMAT = dwarf;
				ENABLE_STRICT_OBJC_MSGSEND = YES;
				ENABLE_TESTABILITY = YES;
				GCC_C_LANGUAGE_STANDARD = gnu11;
				GCC_DYNAMIC_NO_PIC = NO;
				GCC_NO_COMMON_BLOCKS = YES;
				GCC_OPTIMIZATION_LEVEL = 0;
				GCC_PREPROCESSOR_DEFINITIONS = (
					"DEBUG=1",
					"$(inherited)",
				);
				GCC_WARN_64_TO_32_BIT_CONVERSION = YES;
				GCC_WARN_ABOUT_RETURN_TYPE = YES_ERROR;
				GCC_WARN_UNDECLARED_SELECTOR = YES;
				GCC_WARN_UNINITIALIZED_AUTOS = YES_AGGRESSIVE;
				GCC_WARN_UNUSED_FUNCTION = YES;
				GCC_WARN_UNUSED_VARIABLE = YES;
				IPHONEOS_DEPLOYMENT_TARGET = 16.4;
				MTL_ENABLE_DEBUG_INFO = INCLUDE_SOURCE;
				MTL_FAST_MATH = YES;
				ONLY_ACTIVE_ARCH = YES;
				SDKROOT = iphoneos;
				SWIFT_ACTIVE_COMPILATION_CONDITIONS = DEBUG;
				SWIFT_OPTIMIZATION_LEVEL = "-Onone";
			};
			name = Debug;
		};
		EEAA6E052A2CABB1000F31C4 /* Release */ = {
			isa = XCBuildConfiguration;
			buildSettings = {
				ALWAYS_SEARCH_USER_PATHS = NO;
				CLANG_ANALYZER_NONNULL = YES;
				CLANG_ANALYZER_NUMBER_OBJECT_CONVERSION = YES_AGGRESSIVE;
				CLANG_CXX_LANGUAGE_STANDARD = "gnu++20";
				CLANG_ENABLE_MODULES = YES;
				CLANG_ENABLE_OBJC_ARC = YES;
				CLANG_ENABLE_OBJC_WEAK = YES;
				CLANG_WARN_BLOCK_CAPTURE_AUTORELEASING = YES;
				CLANG_WARN_BOOL_CONVERSION = YES;
				CLANG_WARN_COMMA = YES;
				CLANG_WARN_CONSTANT_CONVERSION = YES;
				CLANG_WARN_DEPRECATED_OBJC_IMPLEMENTATIONS = YES;
				CLANG_WARN_DIRECT_OBJC_ISA_USAGE = YES_ERROR;
				CLANG_WARN_DOCUMENTATION_COMMENTS = YES;
				CLANG_WARN_EMPTY_BODY = YES;
				CLANG_WARN_ENUM_CONVERSION = YES;
				CLANG_WARN_INFINITE_RECURSION = YES;
				CLANG_WARN_INT_CONVERSION = YES;
				CLANG_WARN_NON_LITERAL_NULL_CONVERSION = YES;
				CLANG_WARN_OBJC_IMPLICIT_RETAIN_SELF = YES;
				CLANG_WARN_OBJC_LITERAL_CONVERSION = YES;
				CLANG_WARN_OBJC_ROOT_CLASS = YES_ERROR;
				CLANG_WARN_QUOTED_INCLUDE_IN_FRAMEWORK_HEADER = YES;
				CLANG_WARN_RANGE_LOOP_ANALYSIS = YES;
				CLANG_WARN_STRICT_PROTOTYPES = YES;
				CLANG_WARN_SUSPICIOUS_MOVE = YES;
				CLANG_WARN_UNGUARDED_AVAILABILITY = YES_AGGRESSIVE;
				CLANG_WARN_UNREACHABLE_CODE = YES;
				CLANG_WARN__DUPLICATE_METHOD_MATCH = YES;
				COPY_PHASE_STRIP = NO;
				DEBUG_INFORMATION_FORMAT = "dwarf-with-dsym";
				ENABLE_NS_ASSERTIONS = NO;
				ENABLE_STRICT_OBJC_MSGSEND = YES;
				GCC_C_LANGUAGE_STANDARD = gnu11;
				GCC_NO_COMMON_BLOCKS = YES;
				GCC_WARN_64_TO_32_BIT_CONVERSION = YES;
				GCC_WARN_ABOUT_RETURN_TYPE = YES_ERROR;
				GCC_WARN_UNDECLARED_SELECTOR = YES;
				GCC_WARN_UNINITIALIZED_AUTOS = YES_AGGRESSIVE;
				GCC_WARN_UNUSED_FUNCTION = YES;
				GCC_WARN_UNUSED_VARIABLE = YES;
				IPHONEOS_DEPLOYMENT_TARGET = 16.4;
				MTL_ENABLE_DEBUG_INFO = NO;
				MTL_FAST_MATH = YES;
				SDKROOT = iphoneos;
				SWIFT_COMPILATION_MODE = wholemodule;
				SWIFT_OPTIMIZATION_LEVEL = "-O";
				VALIDATE_PRODUCT = YES;
			};
			name = Release;
		};
		EEAA6E072A2CABB1000F31C4 /* Debug */ = {
			isa = XCBuildConfiguration;
			buildSettings = {
				ASSETCATALOG_COMPILER_APPICON_NAME = AppIcon;
				ASSETCATALOG_COMPILER_GLOBAL_ACCENT_COLOR_NAME = AccentColor;
				CODE_SIGN_STYLE = Automatic;
				CURRENT_PROJECT_VERSION = 1;
				GENERATE_INFOPLIST_FILE = YES;
				INFOPLIST_FILE = TwitterTutorial/Info.plist;
				INFOPLIST_KEY_UIApplicationSupportsIndirectInputEvents = YES;
				INFOPLIST_KEY_UILaunchStoryboardName = LaunchScreen;
				INFOPLIST_KEY_UIMainStoryboardFile = Main;
				INFOPLIST_KEY_UISupportedInterfaceOrientations_iPad = "UIInterfaceOrientationPortrait UIInterfaceOrientationPortraitUpsideDown UIInterfaceOrientationLandscapeLeft UIInterfaceOrientationLandscapeRight";
				INFOPLIST_KEY_UISupportedInterfaceOrientations_iPhone = "UIInterfaceOrientationPortrait UIInterfaceOrientationLandscapeLeft UIInterfaceOrientationLandscapeRight";
				LD_RUNPATH_SEARCH_PATHS = (
					"$(inherited)",
					"@executable_path/Frameworks",
				);
				MARKETING_VERSION = 1.0;
				PRODUCT_BUNDLE_IDENTIFIER = com.harshit.TwitterTutorial;
				PRODUCT_NAME = "$(TARGET_NAME)";
				SWIFT_EMIT_LOC_STRINGS = YES;
				SWIFT_VERSION = 5.0;
				TARGETED_DEVICE_FAMILY = "1,2";
			};
			name = Debug;
		};
		EEAA6E082A2CABB1000F31C4 /* Release */ = {
			isa = XCBuildConfiguration;
			buildSettings = {
				ASSETCATALOG_COMPILER_APPICON_NAME = AppIcon;
				ASSETCATALOG_COMPILER_GLOBAL_ACCENT_COLOR_NAME = AccentColor;
				CODE_SIGN_STYLE = Automatic;
				CURRENT_PROJECT_VERSION = 1;
				GENERATE_INFOPLIST_FILE = YES;
				INFOPLIST_FILE = TwitterTutorial/Info.plist;
				INFOPLIST_KEY_UIApplicationSupportsIndirectInputEvents = YES;
				INFOPLIST_KEY_UILaunchStoryboardName = LaunchScreen;
				INFOPLIST_KEY_UIMainStoryboardFile = Main;
				INFOPLIST_KEY_UISupportedInterfaceOrientations_iPad = "UIInterfaceOrientationPortrait UIInterfaceOrientationPortraitUpsideDown UIInterfaceOrientationLandscapeLeft UIInterfaceOrientationLandscapeRight";
				INFOPLIST_KEY_UISupportedInterfaceOrientations_iPhone = "UIInterfaceOrientationPortrait UIInterfaceOrientationLandscapeLeft UIInterfaceOrientationLandscapeRight";
				LD_RUNPATH_SEARCH_PATHS = (
					"$(inherited)",
					"@executable_path/Frameworks",
				);
				MARKETING_VERSION = 1.0;
				PRODUCT_BUNDLE_IDENTIFIER = com.harshit.TwitterTutorial;
				PRODUCT_NAME = "$(TARGET_NAME)";
				SWIFT_EMIT_LOC_STRINGS = YES;
				SWIFT_VERSION = 5.0;
				TARGETED_DEVICE_FAMILY = "1,2";
			};
			name = Release;
		};
/* End XCBuildConfiguration section */

/* Begin XCConfigurationList section */
		EEAA6DED2A2CABB0000F31C4 /* Build configuration list for PBXProject "TwitterTutorial" */ = {
			isa = XCConfigurationList;
			buildConfigurations = (
				EEAA6E042A2CABB1000F31C4 /* Debug */,
				EEAA6E052A2CABB1000F31C4 /* Release */,
			);
			defaultConfigurationIsVisible = 0;
			defaultConfigurationName = Release;
		};
		EEAA6E062A2CABB1000F31C4 /* Build configuration list for PBXNativeTarget "TwitterTutorial" */ = {
			isa = XCConfigurationList;
			buildConfigurations = (
				EEAA6E072A2CABB1000F31C4 /* Debug */,
				EEAA6E082A2CABB1000F31C4 /* Release */,
			);
			defaultConfigurationIsVisible = 0;
			defaultConfigurationName = Release;
		};
/* End XCConfigurationList section */
	};
	rootObject = EEAA6DEA2A2CABB0000F31C4 /* Project object */;
}
